// !$*UTF8*$!
{
	archiveVersion = 1;
	classes = {
	};
	objectVersion = 51;
	objects = {

/* Begin PBXBuildFile section */
		60F487912499FDC100784B10 /* PharmacyMap.swift in Sources */ = {isa = PBXBuildFile; fileRef = 60F487902499FDC100784B10 /* PharmacyMap.swift */; };
		60F5E49D24941318008C1592 /* mapController.swift in Sources */ = {isa = PBXBuildFile; fileRef = 60F5E49C24941318008C1592 /* mapController.swift */; };
		869A468324960FA500B9D9D5 /* Pods_php_project.framework in Frameworks */ = {isa = PBXBuildFile; fileRef = 067CFDE14FEB8527E02979BC /* Pods_php_project.framework */; };
		869A468424960FA500B9D9D5 /* Pods_php_project.framework in Embed Frameworks */ = {isa = PBXBuildFile; fileRef = 067CFDE14FEB8527E02979BC /* Pods_php_project.framework */; settings = {ATTRIBUTES = (CodeSignOnCopy, RemoveHeadersOnCopy, ); }; };
		869A4688249612C100B9D9D5 /* DetailViewController.swift in Sources */ = {isa = PBXBuildFile; fileRef = 869A4687249612C100B9D9D5 /* DetailViewController.swift */; };
		869A468A2496136400B9D9D5 /* Hospital.swift in Sources */ = {isa = PBXBuildFile; fileRef = 869A46892496136400B9D9D5 /* Hospital.swift */; };
		86F87AA22493CFB90018345D /* RealmSwift.framework in Frameworks */ = {isa = PBXBuildFile; fileRef = 86F87AA02493CFB70018345D /* RealmSwift.framework */; };
		86F87AA32493CFB90018345D /* Realm.framework in Frameworks */ = {isa = PBXBuildFile; fileRef = 86F87AA12493CFB90018345D /* Realm.framework */; };
		86F87AA52493CFC80018345D /* Realm.framework in Frameworks */ = {isa = PBXBuildFile; fileRef = 86F87AA12493CFB90018345D /* Realm.framework */; };
		86F87AA62493CFC80018345D /* Realm.framework in Embed Frameworks */ = {isa = PBXBuildFile; fileRef = 86F87AA12493CFB90018345D /* Realm.framework */; settings = {ATTRIBUTES = (CodeSignOnCopy, RemoveHeadersOnCopy, ); }; };
		86F87AA72493CFC80018345D /* RealmSwift.framework in Frameworks */ = {isa = PBXBuildFile; fileRef = 86F87AA02493CFB70018345D /* RealmSwift.framework */; };
		86F87AA82493CFC80018345D /* RealmSwift.framework in Embed Frameworks */ = {isa = PBXBuildFile; fileRef = 86F87AA02493CFB70018345D /* RealmSwift.framework */; settings = {ATTRIBUTES = (CodeSignOnCopy, RemoveHeadersOnCopy, ); }; };
		CE1C23A22493CBB000AFA8D8 /* AppDelegate.swift in Sources */ = {isa = PBXBuildFile; fileRef = CE1C23A12493CBB000AFA8D8 /* AppDelegate.swift */; };
		CE1C23A42493CBB000AFA8D8 /* SceneDelegate.swift in Sources */ = {isa = PBXBuildFile; fileRef = CE1C23A32493CBB000AFA8D8 /* SceneDelegate.swift */; };
		CE1C23A62493CBB000AFA8D8 /* ViewController.swift in Sources */ = {isa = PBXBuildFile; fileRef = CE1C23A52493CBB000AFA8D8 /* ViewController.swift */; };
		CE1C23A92493CBB000AFA8D8 /* Main.storyboard in Resources */ = {isa = PBXBuildFile; fileRef = CE1C23A72493CBB000AFA8D8 /* Main.storyboard */; };
		CE1C23AB2493CBB300AFA8D8 /* Assets.xcassets in Resources */ = {isa = PBXBuildFile; fileRef = CE1C23AA2493CBB300AFA8D8 /* Assets.xcassets */; };
		CE1C23AE2493CBB300AFA8D8 /* LaunchScreen.storyboard in Resources */ = {isa = PBXBuildFile; fileRef = CE1C23AC2493CBB300AFA8D8 /* LaunchScreen.storyboard */; };
		CE1C23B62494093300AFA8D8 /* TableViewController.swift in Sources */ = {isa = PBXBuildFile; fileRef = CE1C23B52494093300AFA8D8 /* TableViewController.swift */; };
		CE856467249683B900D19B1C /* HospitalData.swift in Sources */ = {isa = PBXBuildFile; fileRef = CE856466249683B900D19B1C /* HospitalData.swift */; };
		CE856469249684E600D19B1C /* DataLoader.swift in Sources */ = {isa = PBXBuildFile; fileRef = CE856468249684E600D19B1C /* DataLoader.swift */; };
		CE92A65E24963E83003A0C11 /* Busan_hospital_data.json in Resources */ = {isa = PBXBuildFile; fileRef = CE92A65D24963E83003A0C11 /* Busan_hospital_data.json */; };
/* End PBXBuildFile section */

/* Begin PBXCopyFilesBuildPhase section */
		86F87AA92493CFC80018345D /* Embed Frameworks */ = {
			isa = PBXCopyFilesBuildPhase;
			buildActionMask = 2147483647;
			dstPath = "";
			dstSubfolderSpec = 10;
			files = (
				869A468424960FA500B9D9D5 /* Pods_php_project.framework in Embed Frameworks */,
				86F87AA82493CFC80018345D /* RealmSwift.framework in Embed Frameworks */,
				86F87AA62493CFC80018345D /* Realm.framework in Embed Frameworks */,
			);
			name = "Embed Frameworks";
			runOnlyForDeploymentPostprocessing = 0;
		};
/* End PBXCopyFilesBuildPhase section */

/* Begin PBXFileReference section */
		067CFDE14FEB8527E02979BC /* Pods_php_project.framework */ = {isa = PBXFileReference; explicitFileType = wrapper.framework; includeInIndex = 0; path = Pods_php_project.framework; sourceTree = BUILT_PRODUCTS_DIR; };
		1616C088A273E41131AC3660 /* Pods-php_project.release.xcconfig */ = {isa = PBXFileReference; includeInIndex = 1; lastKnownFileType = text.xcconfig; name = "Pods-php_project.release.xcconfig"; path = "Target Support Files/Pods-php_project/Pods-php_project.release.xcconfig"; sourceTree = "<group>"; };
		60F487902499FDC100784B10 /* PharmacyMap.swift */ = {isa = PBXFileReference; lastKnownFileType = sourcecode.swift; path = PharmacyMap.swift; sourceTree = "<group>"; };
		60F5E49C24941318008C1592 /* mapController.swift */ = {isa = PBXFileReference; lastKnownFileType = sourcecode.swift; path = mapController.swift; sourceTree = "<group>"; };
		869A4687249612C100B9D9D5 /* DetailViewController.swift */ = {isa = PBXFileReference; lastKnownFileType = sourcecode.swift; path = DetailViewController.swift; sourceTree = "<group>"; };
		869A46892496136400B9D9D5 /* Hospital.swift */ = {isa = PBXFileReference; lastKnownFileType = sourcecode.swift; path = Hospital.swift; sourceTree = "<group>"; };
		86F87AA02493CFB70018345D /* RealmSwift.framework */ = {isa = PBXFileReference; lastKnownFileType = wrapper.framework; path = RealmSwift.framework; sourceTree = "<group>"; };
		86F87AA12493CFB90018345D /* Realm.framework */ = {isa = PBXFileReference; lastKnownFileType = wrapper.framework; path = Realm.framework; sourceTree = "<group>"; };
		CE1C239E2493CBB000AFA8D8 /* php_project.app */ = {isa = PBXFileReference; explicitFileType = wrapper.application; includeInIndex = 0; path = php_project.app; sourceTree = BUILT_PRODUCTS_DIR; };
		CE1C23A12493CBB000AFA8D8 /* AppDelegate.swift */ = {isa = PBXFileReference; lastKnownFileType = sourcecode.swift; path = AppDelegate.swift; sourceTree = "<group>"; };
		CE1C23A32493CBB000AFA8D8 /* SceneDelegate.swift */ = {isa = PBXFileReference; lastKnownFileType = sourcecode.swift; path = SceneDelegate.swift; sourceTree = "<group>"; };
		CE1C23A52493CBB000AFA8D8 /* ViewController.swift */ = {isa = PBXFileReference; lastKnownFileType = sourcecode.swift; path = ViewController.swift; sourceTree = "<group>"; };
		CE1C23A82493CBB000AFA8D8 /* Base */ = {isa = PBXFileReference; lastKnownFileType = file.storyboard; name = Base; path = Base.lproj/Main.storyboard; sourceTree = "<group>"; };
		CE1C23AA2493CBB300AFA8D8 /* Assets.xcassets */ = {isa = PBXFileReference; lastKnownFileType = folder.assetcatalog; path = Assets.xcassets; sourceTree = "<group>"; };
		CE1C23AD2493CBB300AFA8D8 /* Base */ = {isa = PBXFileReference; lastKnownFileType = file.storyboard; name = Base; path = Base.lproj/LaunchScreen.storyboard; sourceTree = "<group>"; };
		CE1C23AF2493CBB300AFA8D8 /* Info.plist */ = {isa = PBXFileReference; lastKnownFileType = text.plist.xml; path = Info.plist; sourceTree = "<group>"; };
		CE1C23B52494093300AFA8D8 /* TableViewController.swift */ = {isa = PBXFileReference; lastKnownFileType = sourcecode.swift; path = TableViewController.swift; sourceTree = "<group>"; };
		CE856466249683B900D19B1C /* HospitalData.swift */ = {isa = PBXFileReference; lastKnownFileType = sourcecode.swift; path = HospitalData.swift; sourceTree = "<group>"; };
		CE856468249684E600D19B1C /* DataLoader.swift */ = {isa = PBXFileReference; lastKnownFileType = sourcecode.swift; path = DataLoader.swift; sourceTree = "<group>"; };
		CE92A65D24963E83003A0C11 /* Busan_hospital_data.json */ = {isa = PBXFileReference; fileEncoding = 4; lastKnownFileType = text.json; path = Busan_hospital_data.json; sourceTree = "<group>"; };
		DB782A03FBCE7524BEDB72F7 /* Pods-php_project.debug.xcconfig */ = {isa = PBXFileReference; includeInIndex = 1; lastKnownFileType = text.xcconfig; name = "Pods-php_project.debug.xcconfig"; path = "Target Support Files/Pods-php_project/Pods-php_project.debug.xcconfig"; sourceTree = "<group>"; };
/* End PBXFileReference section */

/* Begin PBXFrameworksBuildPhase section */
		CE1C239B2493CBB000AFA8D8 /* Frameworks */ = {
			isa = PBXFrameworksBuildPhase;
			buildActionMask = 2147483647;
			files = (
				86F87AA52493CFC80018345D /* Realm.framework in Frameworks */,
				86F87AA32493CFB90018345D /* Realm.framework in Frameworks */,
				86F87AA72493CFC80018345D /* RealmSwift.framework in Frameworks */,
				869A468324960FA500B9D9D5 /* Pods_php_project.framework in Frameworks */,
				86F87AA22493CFB90018345D /* RealmSwift.framework in Frameworks */,
			);
			runOnlyForDeploymentPostprocessing = 0;
		};
/* End PBXFrameworksBuildPhase section */

/* Begin PBXGroup section */
		86F87AA42493CFC80018345D /* Frameworks */ = {
			isa = PBXGroup;
			children = (
				067CFDE14FEB8527E02979BC /* Pods_php_project.framework */,
			);
			name = Frameworks;
			sourceTree = "<group>";
		};
		8C49D62B26C5D4A7BB388D7E /* Pods */ = {
			isa = PBXGroup;
			children = (
				DB782A03FBCE7524BEDB72F7 /* Pods-php_project.debug.xcconfig */,
				1616C088A273E41131AC3660 /* Pods-php_project.release.xcconfig */,
			);
			path = Pods;
			sourceTree = "<group>";
		};
		CE1C23952493CBB000AFA8D8 = {
			isa = PBXGroup;
			children = (
				86F87AA12493CFB90018345D /* Realm.framework */,
				86F87AA02493CFB70018345D /* RealmSwift.framework */,
				CE1C23A02493CBB000AFA8D8 /* php_project */,
				CE1C239F2493CBB000AFA8D8 /* Products */,
				86F87AA42493CFC80018345D /* Frameworks */,
				8C49D62B26C5D4A7BB388D7E /* Pods */,
			);
			sourceTree = "<group>";
		};
		CE1C239F2493CBB000AFA8D8 /* Products */ = {
			isa = PBXGroup;
			children = (
				CE1C239E2493CBB000AFA8D8 /* php_project.app */,
			);
			name = Products;
			sourceTree = "<group>";
		};
		CE1C23A02493CBB000AFA8D8 /* php_project */ = {
			isa = PBXGroup;
			children = (
				CE92A65D24963E83003A0C11 /* Busan_hospital_data.json */,
				CE1C23A12493CBB000AFA8D8 /* AppDelegate.swift */,
				CE1C23A32493CBB000AFA8D8 /* SceneDelegate.swift */,
				CE1C23A52493CBB000AFA8D8 /* ViewController.swift */,
				869A4687249612C100B9D9D5 /* DetailViewController.swift */,
				CE1C23B52494093300AFA8D8 /* TableViewController.swift */,
				CE1C23A72493CBB000AFA8D8 /* Main.storyboard */,
				CE1C23AA2493CBB300AFA8D8 /* Assets.xcassets */,
				CE1C23AC2493CBB300AFA8D8 /* LaunchScreen.storyboard */,
				CE1C23AF2493CBB300AFA8D8 /* Info.plist */,
				60F5E49C24941318008C1592 /* mapController.swift */,
				869A46892496136400B9D9D5 /* Hospital.swift */,
				CE856466249683B900D19B1C /* HospitalData.swift */,
				CE856468249684E600D19B1C /* DataLoader.swift */,
				60F487902499FDC100784B10 /* PharmacyMap.swift */,
			);
			path = php_project;
			sourceTree = "<group>";
		};
/* End PBXGroup section */

/* Begin PBXNativeTarget section */
		CE1C239D2493CBB000AFA8D8 /* php_project */ = {
			isa = PBXNativeTarget;
			buildConfigurationList = CE1C23B22493CBB300AFA8D8 /* Build configuration list for PBXNativeTarget "php_project" */;
			buildPhases = (
				037B4AAEF8055AABB1B05F3B /* [CP] Check Pods Manifest.lock */,
				CE1C239A2493CBB000AFA8D8 /* Sources */,
				CE1C239B2493CBB000AFA8D8 /* Frameworks */,
				CE1C239C2493CBB000AFA8D8 /* Resources */,
				86F87AA92493CFC80018345D /* Embed Frameworks */,
				CFD1E7E6E8CCF73396EE3C31 /* [CP] Embed Pods Frameworks */,
			);
			buildRules = (
			);
			dependencies = (
			);
			name = php_project;
			productName = php_project;
			productReference = CE1C239E2493CBB000AFA8D8 /* php_project.app */;
			productType = "com.apple.product-type.application";
		};
/* End PBXNativeTarget section */

/* Begin PBXProject section */
		CE1C23962493CBB000AFA8D8 /* Project object */ = {
			isa = PBXProject;
			attributes = {
				LastSwiftUpdateCheck = 1150;
				LastUpgradeCheck = 1150;
				ORGANIZATIONNAME = "Mijoo Kim";
				TargetAttributes = {
					CE1C239D2493CBB000AFA8D8 = {
						CreatedOnToolsVersion = 11.5;
					};
				};
			};
			buildConfigurationList = CE1C23992493CBB000AFA8D8 /* Build configuration list for PBXProject "php_project" */;
			compatibilityVersion = "Xcode 9.3";
			developmentRegion = en;
			hasScannedForEncodings = 0;
			knownRegions = (
				en,
				Base,
			);
			mainGroup = CE1C23952493CBB000AFA8D8;
			productRefGroup = CE1C239F2493CBB000AFA8D8 /* Products */;
			projectDirPath = "";
			projectRoot = "";
			targets = (
				CE1C239D2493CBB000AFA8D8 /* php_project */,
			);
		};
/* End PBXProject section */

/* Begin PBXResourcesBuildPhase section */
		CE1C239C2493CBB000AFA8D8 /* Resources */ = {
			isa = PBXResourcesBuildPhase;
			buildActionMask = 2147483647;
			files = (
				CE1C23AE2493CBB300AFA8D8 /* LaunchScreen.storyboard in Resources */,
				CE92A65E24963E83003A0C11 /* Busan_hospital_data.json in Resources */,
				CE1C23AB2493CBB300AFA8D8 /* Assets.xcassets in Resources */,
				CE1C23A92493CBB000AFA8D8 /* Main.storyboard in Resources */,
			);
			runOnlyForDeploymentPostprocessing = 0;
		};
/* End PBXResourcesBuildPhase section */

/* Begin PBXShellScriptBuildPhase section */
		037B4AAEF8055AABB1B05F3B /* [CP] Check Pods Manifest.lock */ = {
			isa = PBXShellScriptBuildPhase;
			buildActionMask = 2147483647;
			files = (
			);
			inputFileListPaths = (
			);
			inputPaths = (
				"${PODS_PODFILE_DIR_PATH}/Podfile.lock",
				"${PODS_ROOT}/Manifest.lock",
			);
			name = "[CP] Check Pods Manifest.lock";
			outputFileListPaths = (
			);
			outputPaths = (
				"$(DERIVED_FILE_DIR)/Pods-php_project-checkManifestLockResult.txt",
			);
			runOnlyForDeploymentPostprocessing = 0;
			shellPath = /bin/sh;
			shellScript = "diff \"${PODS_PODFILE_DIR_PATH}/Podfile.lock\" \"${PODS_ROOT}/Manifest.lock\" > /dev/null\nif [ $? != 0 ] ; then\n    # print error to STDERR\n    echo \"error: The sandbox is not in sync with the Podfile.lock. Run 'pod install' or update your CocoaPods installation.\" >&2\n    exit 1\nfi\n# This output is used by Xcode 'outputs' to avoid re-running this script phase.\necho \"SUCCESS\" > \"${SCRIPT_OUTPUT_FILE_0}\"\n";
			showEnvVarsInLog = 0;
		};
		CFD1E7E6E8CCF73396EE3C31 /* [CP] Embed Pods Frameworks */ = {
			isa = PBXShellScriptBuildPhase;
			buildActionMask = 2147483647;
			files = (
			);
			inputFileListPaths = (
				"${PODS_ROOT}/Target Support Files/Pods-php_project/Pods-php_project-frameworks-${CONFIGURATION}-input-files.xcfilelist",
			);
			name = "[CP] Embed Pods Frameworks";
			outputFileListPaths = (
				"${PODS_ROOT}/Target Support Files/Pods-php_project/Pods-php_project-frameworks-${CONFIGURATION}-output-files.xcfilelist",
			);
			runOnlyForDeploymentPostprocessing = 0;
			shellPath = /bin/sh;
			shellScript = "\"${PODS_ROOT}/Target Support Files/Pods-php_project/Pods-php_project-frameworks.sh\"\n";
			showEnvVarsInLog = 0;
		};
/* End PBXShellScriptBuildPhase section */

/* Begin PBXSourcesBuildPhase section */
		CE1C239A2493CBB000AFA8D8 /* Sources */ = {
			isa = PBXSourcesBuildPhase;
			buildActionMask = 2147483647;
			files = (
				CE1C23A62493CBB000AFA8D8 /* ViewController.swift in Sources */,
				CE1C23A22493CBB000AFA8D8 /* AppDelegate.swift in Sources */,
				CE1C23A42493CBB000AFA8D8 /* SceneDelegate.swift in Sources */,
				CE856467249683B900D19B1C /* HospitalData.swift in Sources */,
				60F5E49D24941318008C1592 /* mapController.swift in Sources */,
				60F487912499FDC100784B10 /* PharmacyMap.swift in Sources */,
				869A468A2496136400B9D9D5 /* Hospital.swift in Sources */,
				CE1C23B62494093300AFA8D8 /* TableViewController.swift in Sources */,
				869A4688249612C100B9D9D5 /* DetailViewController.swift in Sources */,
				CE856469249684E600D19B1C /* DataLoader.swift in Sources */,
			);
			runOnlyForDeploymentPostprocessing = 0;
		};
/* End PBXSourcesBuildPhase section */

/* Begin PBXVariantGroup section */
		CE1C23A72493CBB000AFA8D8 /* Main.storyboard */ = {
			isa = PBXVariantGroup;
			children = (
				CE1C23A82493CBB000AFA8D8 /* Base */,
			);
			name = Main.storyboard;
			sourceTree = "<group>";
		};
		CE1C23AC2493CBB300AFA8D8 /* LaunchScreen.storyboard */ = {
			isa = PBXVariantGroup;
			children = (
				CE1C23AD2493CBB300AFA8D8 /* Base */,
			);
			name = LaunchScreen.storyboard;
			sourceTree = "<group>";
		};
/* End PBXVariantGroup section */

/* Begin XCBuildConfiguration section */
		CE1C23B02493CBB300AFA8D8 /* Debug */ = {
			isa = XCBuildConfiguration;
			buildSettings = {
				ALWAYS_SEARCH_USER_PATHS = NO;
				CLANG_ANALYZER_NONNULL = YES;
				CLANG_ANALYZER_NUMBER_OBJECT_CONVERSION = YES_AGGRESSIVE;
				CLANG_CXX_LANGUAGE_STANDARD = "gnu++14";
				CLANG_CXX_LIBRARY = "libc++";
				CLANG_ENABLE_MODULES = YES;
				CLANG_ENABLE_OBJC_ARC = YES;
				CLANG_ENABLE_OBJC_WEAK = YES;
				CLANG_WARN_BLOCK_CAPTURE_AUTORELEASING = YES;
				CLANG_WARN_BOOL_CONVERSION = YES;
				CLANG_WARN_COMMA = YES;
				CLANG_WARN_CONSTANT_CONVERSION = YES;
				CLANG_WARN_DEPRECATED_OBJC_IMPLEMENTATIONS = YES;
				CLANG_WARN_DIRECT_OBJC_ISA_USAGE = YES_ERROR;
				CLANG_WARN_DOCUMENTATION_COMMENTS = YES;
				CLANG_WARN_EMPTY_BODY = YES;
				CLANG_WARN_ENUM_CONVERSION = YES;
				CLANG_WARN_INFINITE_RECURSION = YES;
				CLANG_WARN_INT_CONVERSION = YES;
				CLANG_WARN_NON_LITERAL_NULL_CONVERSION = YES;
				CLANG_WARN_OBJC_IMPLICIT_RETAIN_SELF = YES;
				CLANG_WARN_OBJC_LITERAL_CONVERSION = YES;
				CLANG_WARN_OBJC_ROOT_CLASS = YES_ERROR;
				CLANG_WARN_RANGE_LOOP_ANALYSIS = YES;
				CLANG_WARN_STRICT_PROTOTYPES = YES;
				CLANG_WARN_SUSPICIOUS_MOVE = YES;
				CLANG_WARN_UNGUARDED_AVAILABILITY = YES_AGGRESSIVE;
				CLANG_WARN_UNREACHABLE_CODE = YES;
				CLANG_WARN__DUPLICATE_METHOD_MATCH = YES;
				COPY_PHASE_STRIP = NO;
				DEBUG_INFORMATION_FORMAT = dwarf;
				ENABLE_STRICT_OBJC_MSGSEND = YES;
				ENABLE_TESTABILITY = YES;
				GCC_C_LANGUAGE_STANDARD = gnu11;
				GCC_DYNAMIC_NO_PIC = NO;
				GCC_NO_COMMON_BLOCKS = YES;
				GCC_OPTIMIZATION_LEVEL = 0;
				GCC_PREPROCESSOR_DEFINITIONS = (
					"DEBUG=1",
					"$(inherited)",
				);
				GCC_WARN_64_TO_32_BIT_CONVERSION = YES;
				GCC_WARN_ABOUT_RETURN_TYPE = YES_ERROR;
				GCC_WARN_UNDECLARED_SELECTOR = YES;
				GCC_WARN_UNINITIALIZED_AUTOS = YES_AGGRESSIVE;
				GCC_WARN_UNUSED_FUNCTION = YES;
				GCC_WARN_UNUSED_VARIABLE = YES;
				IPHONEOS_DEPLOYMENT_TARGET = 13.5;
				MTL_ENABLE_DEBUG_INFO = INCLUDE_SOURCE;
				MTL_FAST_MATH = YES;
				ONLY_ACTIVE_ARCH = YES;
				SDKROOT = iphoneos;
				SWIFT_ACTIVE_COMPILATION_CONDITIONS = DEBUG;
				SWIFT_OPTIMIZATION_LEVEL = "-Onone";
			};
			name = Debug;
		};
		CE1C23B12493CBB300AFA8D8 /* Release */ = {
			isa = XCBuildConfiguration;
			buildSettings = {
				ALWAYS_SEARCH_USER_PATHS = NO;
				CLANG_ANALYZER_NONNULL = YES;
				CLANG_ANALYZER_NUMBER_OBJECT_CONVERSION = YES_AGGRESSIVE;
				CLANG_CXX_LANGUAGE_STANDARD = "gnu++14";
				CLANG_CXX_LIBRARY = "libc++";
				CLANG_ENABLE_MODULES = YES;
				CLANG_ENABLE_OBJC_ARC = YES;
				CLANG_ENABLE_OBJC_WEAK = YES;
				CLANG_WARN_BLOCK_CAPTURE_AUTORELEASING = YES;
				CLANG_WARN_BOOL_CONVERSION = YES;
				CLANG_WARN_COMMA = YES;
				CLANG_WARN_CONSTANT_CONVERSION = YES;
				CLANG_WARN_DEPRECATED_OBJC_IMPLEMENTATIONS = YES;
				CLANG_WARN_DIRECT_OBJC_ISA_USAGE = YES_ERROR;
				CLANG_WARN_DOCUMENTATION_COMMENTS = YES;
				CLANG_WARN_EMPTY_BODY = YES;
				CLANG_WARN_ENUM_CONVERSION = YES;
				CLANG_WARN_INFINITE_RECURSION = YES;
				CLANG_WARN_INT_CONVERSION = YES;
				CLANG_WARN_NON_LITERAL_NULL_CONVERSION = YES;
				CLANG_WARN_OBJC_IMPLICIT_RETAIN_SELF = YES;
				CLANG_WARN_OBJC_LITERAL_CONVERSION = YES;
				CLANG_WARN_OBJC_ROOT_CLASS = YES_ERROR;
				CLANG_WARN_RANGE_LOOP_ANALYSIS = YES;
				CLANG_WARN_STRICT_PROTOTYPES = YES;
				CLANG_WARN_SUSPICIOUS_MOVE = YES;
				CLANG_WARN_UNGUARDED_AVAILABILITY = YES_AGGRESSIVE;
				CLANG_WARN_UNREACHABLE_CODE = YES;
				CLANG_WARN__DUPLICATE_METHOD_MATCH = YES;
				COPY_PHASE_STRIP = NO;
				DEBUG_INFORMATION_FORMAT = "dwarf-with-dsym";
				ENABLE_NS_ASSERTIONS = NO;
				ENABLE_STRICT_OBJC_MSGSEND = YES;
				GCC_C_LANGUAGE_STANDARD = gnu11;
				GCC_NO_COMMON_BLOCKS = YES;
				GCC_WARN_64_TO_32_BIT_CONVERSION = YES;
				GCC_WARN_ABOUT_RETURN_TYPE = YES_ERROR;
				GCC_WARN_UNDECLARED_SELECTOR = YES;
				GCC_WARN_UNINITIALIZED_AUTOS = YES_AGGRESSIVE;
				GCC_WARN_UNUSED_FUNCTION = YES;
				GCC_WARN_UNUSED_VARIABLE = YES;
				IPHONEOS_DEPLOYMENT_TARGET = 13.5;
				MTL_ENABLE_DEBUG_INFO = NO;
				MTL_FAST_MATH = YES;
				SDKROOT = iphoneos;
				SWIFT_COMPILATION_MODE = wholemodule;
				SWIFT_OPTIMIZATION_LEVEL = "-O";
				VALIDATE_PRODUCT = YES;
			};
			name = Release;
		};
		CE1C23B32493CBB300AFA8D8 /* Debug */ = {
			isa = XCBuildConfiguration;
			baseConfigurationReference = DB782A03FBCE7524BEDB72F7 /* Pods-php_project.debug.xcconfig */;
			buildSettings = {
				ASSETCATALOG_COMPILER_APPICON_NAME = AppIcon;
				CODE_SIGN_STYLE = Automatic;
				DEVELOPMENT_TEAM = 8N8K22S85Y;
				FRAMEWORK_SEARCH_PATHS = (
					"$(inherited)",
					"$(PROJECT_DIR)",
				);
				INFOPLIST_FILE = php_project/Info.plist;
				IPHONEOS_DEPLOYMENT_TARGET = 13.2;
				LD_RUNPATH_SEARCH_PATHS = (
					"$(inherited)",
					"@executable_path/Frameworks",
				);
				PRODUCT_BUNDLE_IDENTIFIER = "kr.ac.knu.comp420.student.php-project";
				PRODUCT_NAME = "$(TARGET_NAME)";
				SWIFT_VERSION = 5.0;
				TARGETED_DEVICE_FAMILY = "1,2";
			};
			name = Debug;
		};
		CE1C23B42493CBB300AFA8D8 /* Release */ = {
			isa = XCBuildConfiguration;
			baseConfigurationReference = 1616C088A273E41131AC3660 /* Pods-php_project.release.xcconfig */;
			buildSettings = {
				ASSETCATALOG_COMPILER_APPICON_NAME = AppIcon;
				CODE_SIGN_STYLE = Automatic;
				DEVELOPMENT_TEAM = 8N8K22S85Y;
				FRAMEWORK_SEARCH_PATHS = (
					"$(inherited)",
					"$(PROJECT_DIR)",
				);
				INFOPLIST_FILE = php_project/Info.plist;
				IPHONEOS_DEPLOYMENT_TARGET = 13.2;
				LD_RUNPATH_SEARCH_PATHS = (
					"$(inherited)",
					"@executable_path/Frameworks",
				);
				PRODUCT_BUNDLE_IDENTIFIER = "kr.ac.knu.comp420.student.php-project";
				PRODUCT_NAME = "$(TARGET_NAME)";
				SWIFT_VERSION = 5.0;
				TARGETED_DEVICE_FAMILY = "1,2";
			};
			name = Release;
		};
/* End XCBuildConfiguration section */

/* Begin XCConfigurationList section */
		CE1C23992493CBB000AFA8D8 /* Build configuration list for PBXProject "php_project" */ = {
			isa = XCConfigurationList;
			buildConfigurations = (
				CE1C23B02493CBB300AFA8D8 /* Debug */,
				CE1C23B12493CBB300AFA8D8 /* Release */,
			);
			defaultConfigurationIsVisible = 0;
			defaultConfigurationName = Release;
		};
		CE1C23B22493CBB300AFA8D8 /* Build configuration list for PBXNativeTarget "php_project" */ = {
			isa = XCConfigurationList;
			buildConfigurations = (
				CE1C23B32493CBB300AFA8D8 /* Debug */,
				CE1C23B42493CBB300AFA8D8 /* Release */,
			);
			defaultConfigurationIsVisible = 0;
			defaultConfigurationName = Release;
		};
/* End XCConfigurationList section */
	};
	rootObject = CE1C23962493CBB000AFA8D8 /* Project object */;
}
